
Microsoft Visual Studio Solution File, Format Version 12.00
# Visual Studio Version 16
VisualStudioVersion = 16.0.31205.134
MinimumVisualStudioVersion = 10.0.40219.1
Project("{FAE04EC0-301F-11D3-BF4B-00C04F79EFBC}") = "SmartSchool.API", "SmartSchool.API\SmartSchool.API.csproj", "{69B8453B-1C68-45F0-AEDC-D26DE591F756}"
EndProject
Global
	GlobalSection(SolutionConfigurationPlatforms) = preSolution
		Debug|Any CPU = Debug|Any CPU
		Release|Any CPU = Release|Any CPU
	EndGlobalSection
	GlobalSection(ProjectConfigurationPlatforms) = postSolution
		{69B8453B-1C68-45F0-AEDC-D26DE591F756}.Debug|Any CPU.ActiveCfg = Debug|Any CPU
		{69B8453B-1C68-45F0-AEDC-D26DE591F756}.Debug|Any CPU.Build.0 = Debug|Any CPU
		{69B8453B-1C68-45F0-AEDC-D26DE591F756}.Release|Any CPU.ActiveCfg = Release|Any CPU
		{69B8453B-1C68-45F0-AEDC-D26DE591F756}.Release|Any CPU.Build.0 = Release|Any CPU
	EndGlobalSection
	GlobalSection(SolutionProperties) = preSolution
		HideSolutionNode = FALSE
	EndGlobalSection
	GlobalSection(ExtensibilityGlobals) = postSolution
		SolutionGuid = {F27C782A-58B7-42C2-BF82-A3803DD8B176}
	EndGlobalSection
EndGlobal
